<?xml version="1.0" encoding="utf-8"?>
<Project ToolsVersion="4.0" xmlns="http://schemas.microsoft.com/developer/msbuild/2003">
  <ItemGroup>
    <Filter Include="源文件">
      <UniqueIdentifier>{4FC737F1-C7A5-4376-A066-2A32D752A2FF}</UniqueIdentifier>
      <Extensions>cpp;c;cc;cxx;c++;cppm;ixx;def;odl;idl;hpj;bat;asm;asmx</Extensions>
    </Filter>
    <Filter Include="头文件">
      <UniqueIdentifier>{93995380-89BD-4b04-88EB-625FBE52EBFB}</UniqueIdentifier>
      <Extensions>h;hh;hpp;hxx;h++;hm;inl;inc;ipp;xsd</Extensions>
    </Filter>
    <Filter Include="资源文件">
      <UniqueIdentifier>{67DA6AB6-F800-4c08-8B7A-83BB121AAD01}</UniqueIdentifier>
      <Extensions>rc;ico;cur;bmp;dlg;rc2;rct;bin;rgs;gif;jpg;jpeg;jpe;resx;tiff;tif;png;wav;mfcribbon-ms</Extensions>
    </Filter>
    <Filter Include="include">
      <UniqueIdentifier>{00aad4bf-ab89-48e3-b570-1e5c00b36244}</UniqueIdentifier>
    </Filter>
    <Filter Include="shaders">
      <UniqueIdentifier>{7cee4447-949c-4b27-b19a-7e0097fd0783}</UniqueIdentifier>
    </Filter>
    <Filter Include="scene">
      <UniqueIdentifier>{b6b160df-f580-4a7f-a578-ecb44b1e8a38}</UniqueIdentifier>
    </Filter>
    <Filter Include="render">
      <UniqueIdentifier>{3c37d318-2a07-4282-8d83-a67e58ae8196}</UniqueIdentifier>
    </Filter>
  </ItemGroup>
  <ItemGroup>
    <ClCompile Include="main.cpp">
      <Filter>源文件</Filter>
    </ClCompile>
    <ClCompile Include="glad.c">
      <Filter>头文件</Filter>
    </ClCompile>
    <ClCompile Include="shader.cpp">
      <Filter>源文件</Filter>
    </ClCompile>
    <ClCompile Include="camera.cpp">
      <Filter>源文件</Filter>
    </ClCompile>
    <ClCompile Include="model.cpp">
      <Filter>源文件</Filter>
    </ClCompile>
    <ClCompile Include="bvh.cpp">
      <Filter>源文件</Filter>
    </ClCompile>
    <ClCompile Include="denoiser.cpp">
      <Filter>源文件</Filter>
    </ClCompile>
    <ClCompile Include="scene.cpp">
      <Filter>源文件</Filter>
    </ClCompile>
    <ClCompile Include="include\imgui.cpp">
      <Filter>include</Filter>
    </ClCompile>
    <ClCompile Include="include\imgui_demo.cpp">
      <Filter>include</Filter>
    </ClCompile>
    <ClCompile Include="include\imgui_draw.cpp">
      <Filter>include</Filter>
    </ClCompile>
    <ClCompile Include="include\imgui_impl_glfw.cpp">
      <Filter>include</Filter>
    </ClCompile>
    <ClCompile Include="include\imgui_impl_opengl3.cpp">
      <Filter>include</Filter>
    </ClCompile>
    <ClCompile Include="include\imgui_tables.cpp">
      <Filter>include</Filter>
    </ClCompile>
    <ClCompile Include="include\imgui_widgets.cpp">
      <Filter>include</Filter>
    </ClCompile>
    <ClCompile Include="ModelLoader.cpp">
      <Filter>源文件</Filter>
    </ClCompile>
    <ClCompile Include="material.cpp">
      <Filter>源文件</Filter>
    </ClCompile>
    <ClCompile Include="light.cpp">
      <Filter>源文件</Filter>
    </ClCompile>
    <ClCompile Include="triangle.cpp">
      <Filter>源文件</Filter>
    </ClCompile>
    <ClCompile Include="mesh.cpp">
      <Filter>源文件</Filter>
    </ClCompile>
  </ItemGroup>
  <ItemGroup>
    <ClInclude Include="shader.h">
      <Filter>头文件</Filter>
    </ClInclude>
    <ClInclude Include="camera.h">
      <Filter>头文件</Filter>
    </ClInclude>
    <ClInclude Include="model.h">
      <Filter>头文件</Filter>
    </ClInclude>
    <ClInclude Include="bvh.h">
      <Filter>头文件</Filter>
    </ClInclude>
    <ClInclude Include="denoiser.h">
      <Filter>头文件</Filter>
    </ClInclude>
    <ClInclude Include="include\imconfig.h">
      <Filter>include</Filter>
    </ClInclude>
    <ClInclude Include="include\imgui.h">
      <Filter>include</Filter>
    </ClInclude>
    <ClInclude Include="include\imgui_impl_glfw.h">
      <Filter>include</Filter>
    </ClInclude>
    <ClInclude Include="include\imgui_impl_opengl3.h">
      <Filter>include</Filter>
    </ClInclude>
    <ClInclude Include="include\imgui_impl_opengl3_loader.h">
      <Filter>include</Filter>
    </ClInclude>
    <ClInclude Include="include\imgui_internal.h">
      <Filter>include</Filter>
    </ClInclude>
    <ClInclude Include="include\imstb_rectpack.h">
      <Filter>include</Filter>
    </ClInclude>
    <ClInclude Include="include\imstb_textedit.h">
      <Filter>include</Filter>
    </ClInclude>
    <ClInclude Include="include\imstb_truetype.h">
      <Filter>include</Filter>
    </ClInclude>
    <ClInclude Include="ModelLoader.h">
      <Filter>头文件</Filter>
    </ClInclude>
    <ClInclude Include="light.h">
      <Filter>scene</Filter>
    </ClInclude>
    <ClInclude Include="material.h">
      <Filter>scene</Filter>
    </ClInclude>
    <ClInclude Include="scene.h">
      <Filter>scene</Filter>
    </ClInclude>
    <ClInclude Include="mesh.h">
      <Filter>scene</Filter>
    </ClInclude>
    <ClInclude Include="triangle.h">
      <Filter>scene</Filter>
    </ClInclude>
  </ItemGroup>
  <ItemGroup>
    <None Include="shaders\path_tracer.comp">
      <Filter>render</Filter>
    </None>
    <None Include="shaders\quad.fs">
      <Filter>shaders</Filter>
    </None>
    <None Include="shaders\quad.vs">
      <Filter>shaders</Filter>
    </None>
    <None Include="shaders\raster.fs">
      <Filter>shaders</Filter>
    </None>
    <None Include="shaders\raster.vs">
      <Filter>shaders</Filter>
    </None>
  </ItemGroup>
</Project>